
Microsoft Visual Studio Solution File, Format Version 12.00
# Visual Studio Version 16
VisualStudioVersion = 16.0.29613.14
MinimumVisualStudioVersion = 10.0.40219.1
Project("{9A19103F-16F7-4668-BE54-9A1E7A4F7556}") = "FlightMonitor", "FlightMonitor.csproj", "{4BBC9B13-93ED-4514-89E9-131EE75FF73E}"
EndProject
Global
	GlobalSection(SolutionConfigurationPlatforms) = preSolution
		Debug|Any CPU = Debug|Any CPU
		Release|Any CPU = Release|Any CPU
	EndGlobalSection
	GlobalSection(ProjectConfigurationPlatforms) = postSolution
		{4BBC9B13-93ED-4514-89E9-131EE75FF73E}.Debug|Any CPU.ActiveCfg = Debug|Any CPU
		{4BBC9B13-93ED-4514-89E9-131EE75FF73E}.Debug|Any CPU.Build.0 = Debug|Any CPU
		{4BBC9B13-93ED-4514-89E9-131EE75FF73E}.Release|Any CPU.ActiveCfg = Release|Any CPU
		{4BBC9B13-93ED-4514-89E9-131EE75FF73E}.Release|Any CPU.Build.0 = Release|Any CPU
	EndGlobalSection
	GlobalSection(SolutionProperties) = preSolution
		HideSolutionNode = FALSE
	EndGlobalSection
	GlobalSection(ExtensibilityGlobals) = postSolution
		SolutionGuid = {61B3B60D-6235-44B9-A288-A84588D775FE}
	EndGlobalSection
EndGlobal
