
Microsoft Visual Studio Solution File, Format Version 12.00
# Visual Studio Version 16
VisualStudioVersion = 16.0.29519.181
MinimumVisualStudioVersion = 10.0.40219.1
Project("{9A19103F-16F7-4668-BE54-9A1E7A4F7556}") = "DbDemo", "DbDemo.csproj", "{39FED038-592C-4D2F-98D1-7F925F7E847B}"
EndProject
Global
	GlobalSection(SolutionConfigurationPlatforms) = preSolution
		Debug|Any CPU = Debug|Any CPU
		Release|Any CPU = Release|Any CPU
	EndGlobalSection
	GlobalSection(ProjectConfigurationPlatforms) = postSolution
		{39FED038-592C-4D2F-98D1-7F925F7E847B}.Debug|Any CPU.ActiveCfg = Debug|Any CPU
		{39FED038-592C-4D2F-98D1-7F925F7E847B}.Debug|Any CPU.Build.0 = Debug|Any CPU
		{39FED038-592C-4D2F-98D1-7F925F7E847B}.Release|Any CPU.ActiveCfg = Release|Any CPU
		{39FED038-592C-4D2F-98D1-7F925F7E847B}.Release|Any CPU.Build.0 = Release|Any CPU
	EndGlobalSection
	GlobalSection(SolutionProperties) = preSolution
		HideSolutionNode = FALSE
	EndGlobalSection
	GlobalSection(ExtensibilityGlobals) = postSolution
		SolutionGuid = {E46E7E20-B44E-49F3-9799-889565F0AED9}
	EndGlobalSection
EndGlobal
