
Microsoft Visual Studio Solution File, Format Version 12.00
# Visual Studio Version 16
VisualStudioVersion = 16.0.29519.181
MinimumVisualStudioVersion = 10.0.40219.1
Project("{9A19103F-16F7-4668-BE54-9A1E7A4F7556}") = "Queries", "Crud.csproj", "{3FF8DCC0-1037-4EE7-915B-1CE8BA227141}"
EndProject
Global
	GlobalSection(SolutionConfigurationPlatforms) = preSolution
		Debug|Any CPU = Debug|Any CPU
		Release|Any CPU = Release|Any CPU
	EndGlobalSection
	GlobalSection(ProjectConfigurationPlatforms) = postSolution
		{3FF8DCC0-1037-4EE7-915B-1CE8BA227141}.Debug|Any CPU.ActiveCfg = Debug|Any CPU
		{3FF8DCC0-1037-4EE7-915B-1CE8BA227141}.Debug|Any CPU.Build.0 = Debug|Any CPU
		{3FF8DCC0-1037-4EE7-915B-1CE8BA227141}.Release|Any CPU.ActiveCfg = Release|Any CPU
		{3FF8DCC0-1037-4EE7-915B-1CE8BA227141}.Release|Any CPU.Build.0 = Release|Any CPU
	EndGlobalSection
	GlobalSection(SolutionProperties) = preSolution
		HideSolutionNode = FALSE
	EndGlobalSection
	GlobalSection(ExtensibilityGlobals) = postSolution
		SolutionGuid = {B6D54204-8DBA-472A-8B21-941ACC683B9C}
	EndGlobalSection
EndGlobal
