
Microsoft Visual Studio Solution File, Format Version 12.00
# Visual Studio Version 16
VisualStudioVersion = 16.0.29709.97
MinimumVisualStudioVersion = 10.0.40219.1
Project("{9A19103F-16F7-4668-BE54-9A1E7A4F7556}") = "ObservablesDemo", "ObservablesDemo.csproj", "{9366E6CB-E4C1-4AA6-8D72-BCAB8BE44330}"
EndProject
Global
	GlobalSection(SolutionConfigurationPlatforms) = preSolution
		Debug|Any CPU = Debug|Any CPU
		Release|Any CPU = Release|Any CPU
	EndGlobalSection
	GlobalSection(ProjectConfigurationPlatforms) = postSolution
		{9366E6CB-E4C1-4AA6-8D72-BCAB8BE44330}.Debug|Any CPU.ActiveCfg = Debug|Any CPU
		{9366E6CB-E4C1-4AA6-8D72-BCAB8BE44330}.Debug|Any CPU.Build.0 = Debug|Any CPU
		{9366E6CB-E4C1-4AA6-8D72-BCAB8BE44330}.Release|Any CPU.ActiveCfg = Release|Any CPU
		{9366E6CB-E4C1-4AA6-8D72-BCAB8BE44330}.Release|Any CPU.Build.0 = Release|Any CPU
	EndGlobalSection
	GlobalSection(SolutionProperties) = preSolution
		HideSolutionNode = FALSE
	EndGlobalSection
	GlobalSection(ExtensibilityGlobals) = postSolution
		SolutionGuid = {9A5C45D9-691D-4238-9588-2789D86B6953}
	EndGlobalSection
EndGlobal
