
Microsoft Visual Studio Solution File, Format Version 12.00
# Visual Studio Version 16
VisualStudioVersion = 16.0.30002.166
MinimumVisualStudioVersion = 10.0.40219.1
Project("{9A19103F-16F7-4668-BE54-9A1E7A4F7556}") = "Artikelverwaltung", "Artikelverwaltung.csproj", "{BD26B3FB-1368-4865-BE58-037B84C1EB8D}"
EndProject
Global
	GlobalSection(SolutionConfigurationPlatforms) = preSolution
		Debug|Any CPU = Debug|Any CPU
		Release|Any CPU = Release|Any CPU
	EndGlobalSection
	GlobalSection(ProjectConfigurationPlatforms) = postSolution
		{BD26B3FB-1368-4865-BE58-037B84C1EB8D}.Debug|Any CPU.ActiveCfg = Debug|Any CPU
		{BD26B3FB-1368-4865-BE58-037B84C1EB8D}.Debug|Any CPU.Build.0 = Debug|Any CPU
		{BD26B3FB-1368-4865-BE58-037B84C1EB8D}.Release|Any CPU.ActiveCfg = Release|Any CPU
		{BD26B3FB-1368-4865-BE58-037B84C1EB8D}.Release|Any CPU.Build.0 = Release|Any CPU
	EndGlobalSection
	GlobalSection(SolutionProperties) = preSolution
		HideSolutionNode = FALSE
	EndGlobalSection
	GlobalSection(ExtensibilityGlobals) = postSolution
		SolutionGuid = {8200EF2C-1CD3-4A62-8527-A19F98F85CCC}
	EndGlobalSection
EndGlobal
