
Microsoft Visual Studio Solution File, Format Version 12.00
# Visual Studio Version 17
VisualStudioVersion = 17.4.33110.190
MinimumVisualStudioVersion = 10.0.40219.1
Project("{9A19103F-16F7-4668-BE54-9A1E7A4F7556}") = "Grouping", "Grouping.Application\Grouping.csproj", "{AD6B1907-CC41-4E63-B045-51560D21955D}"
EndProject
Global
	GlobalSection(SolutionConfigurationPlatforms) = preSolution
		Debug|Any CPU = Debug|Any CPU
		Release|Any CPU = Release|Any CPU
	EndGlobalSection
	GlobalSection(ProjectConfigurationPlatforms) = postSolution
		{AD6B1907-CC41-4E63-B045-51560D21955D}.Debug|Any CPU.ActiveCfg = Debug|Any CPU
		{AD6B1907-CC41-4E63-B045-51560D21955D}.Debug|Any CPU.Build.0 = Debug|Any CPU
		{AD6B1907-CC41-4E63-B045-51560D21955D}.Release|Any CPU.ActiveCfg = Release|Any CPU
		{AD6B1907-CC41-4E63-B045-51560D21955D}.Release|Any CPU.Build.0 = Release|Any CPU
	EndGlobalSection
	GlobalSection(SolutionProperties) = preSolution
		HideSolutionNode = FALSE
	EndGlobalSection
	GlobalSection(ExtensibilityGlobals) = postSolution
		SolutionGuid = {0DE24C2E-8C98-4BDC-9B5C-458F5A61C45C}
	EndGlobalSection
EndGlobal
