
Microsoft Visual Studio Solution File, Format Version 12.00
# Visual Studio 15
VisualStudioVersion = 15.0.28307.136
MinimumVisualStudioVersion = 10.0.40219.1
Project("{FAE04EC0-301F-11D3-BF4B-00C04F79EFBC}") = "TaskDemoApp", "TaskDemoApp\TaskDemoApp.csproj", "{1CB9D701-33AE-4B0E-BECF-27DCE742622F}"
EndProject
Global
	GlobalSection(SolutionConfigurationPlatforms) = preSolution
		Debug|Any CPU = Debug|Any CPU
		Release|Any CPU = Release|Any CPU
	EndGlobalSection
	GlobalSection(ProjectConfigurationPlatforms) = postSolution
		{1CB9D701-33AE-4B0E-BECF-27DCE742622F}.Debug|Any CPU.ActiveCfg = Debug|Any CPU
		{1CB9D701-33AE-4B0E-BECF-27DCE742622F}.Debug|Any CPU.Build.0 = Debug|Any CPU
		{1CB9D701-33AE-4B0E-BECF-27DCE742622F}.Release|Any CPU.ActiveCfg = Release|Any CPU
		{1CB9D701-33AE-4B0E-BECF-27DCE742622F}.Release|Any CPU.Build.0 = Release|Any CPU
	EndGlobalSection
	GlobalSection(SolutionProperties) = preSolution
		HideSolutionNode = FALSE
	EndGlobalSection
	GlobalSection(ExtensibilityGlobals) = postSolution
		SolutionGuid = {BFA1A650-6E5A-4448-92AB-03D5C22E218A}
	EndGlobalSection
EndGlobal
