
Microsoft Visual Studio Solution File, Format Version 12.00
# Visual Studio Version 16
VisualStudioVersion = 16.0.30002.166
MinimumVisualStudioVersion = 10.0.40219.1
Project("{9A19103F-16F7-4668-BE54-9A1E7A4F7556}") = "WahlfachAnmeldung", "WahlfachAnmeldung.csproj", "{8D05998B-E3E2-4063-AD18-61DDA3047066}"
EndProject
Global
	GlobalSection(SolutionConfigurationPlatforms) = preSolution
		Debug|Any CPU = Debug|Any CPU
		Release|Any CPU = Release|Any CPU
	EndGlobalSection
	GlobalSection(ProjectConfigurationPlatforms) = postSolution
		{8D05998B-E3E2-4063-AD18-61DDA3047066}.Debug|Any CPU.ActiveCfg = Debug|Any CPU
		{8D05998B-E3E2-4063-AD18-61DDA3047066}.Debug|Any CPU.Build.0 = Debug|Any CPU
		{8D05998B-E3E2-4063-AD18-61DDA3047066}.Release|Any CPU.ActiveCfg = Release|Any CPU
		{8D05998B-E3E2-4063-AD18-61DDA3047066}.Release|Any CPU.Build.0 = Release|Any CPU
	EndGlobalSection
	GlobalSection(SolutionProperties) = preSolution
		HideSolutionNode = FALSE
	EndGlobalSection
	GlobalSection(ExtensibilityGlobals) = postSolution
		SolutionGuid = {3867998A-0455-48E3-85CD-DFC0273F15B4}
	EndGlobalSection
EndGlobal
