
Microsoft Visual Studio Solution File, Format Version 12.00
# Visual Studio Version 16
VisualStudioVersion = 16.0.29709.97
MinimumVisualStudioVersion = 10.0.40219.1
Project("{9A19103F-16F7-4668-BE54-9A1E7A4F7556}") = "UserControlApp", "UserControlApp.csproj", "{1D6238EB-3784-4DB3-B80B-344ED10ECB8E}"
EndProject
Global
	GlobalSection(SolutionConfigurationPlatforms) = preSolution
		Debug|Any CPU = Debug|Any CPU
		Release|Any CPU = Release|Any CPU
	EndGlobalSection
	GlobalSection(ProjectConfigurationPlatforms) = postSolution
		{1D6238EB-3784-4DB3-B80B-344ED10ECB8E}.Debug|Any CPU.ActiveCfg = Debug|Any CPU
		{1D6238EB-3784-4DB3-B80B-344ED10ECB8E}.Debug|Any CPU.Build.0 = Debug|Any CPU
		{1D6238EB-3784-4DB3-B80B-344ED10ECB8E}.Release|Any CPU.ActiveCfg = Release|Any CPU
		{1D6238EB-3784-4DB3-B80B-344ED10ECB8E}.Release|Any CPU.Build.0 = Release|Any CPU
	EndGlobalSection
	GlobalSection(SolutionProperties) = preSolution
		HideSolutionNode = FALSE
	EndGlobalSection
	GlobalSection(ExtensibilityGlobals) = postSolution
		SolutionGuid = {D269AB4C-C180-41F5-B779-F502F15104E1}
	EndGlobalSection
EndGlobal
