
Microsoft Visual Studio Solution File, Format Version 12.00
# Visual Studio 15
VisualStudioVersion = 15.0.28307.168
MinimumVisualStudioVersion = 10.0.40219.1
Project("{FAE04EC0-301F-11D3-BF4B-00C04F79EFBC}") = "UserControlApp", "UserControlApp\UserControlApp.csproj", "{7F8534BF-1BA9-44F0-94D4-7E42697344AD}"
EndProject
Global
	GlobalSection(SolutionConfigurationPlatforms) = preSolution
		Debug|Any CPU = Debug|Any CPU
		Release|Any CPU = Release|Any CPU
	EndGlobalSection
	GlobalSection(ProjectConfigurationPlatforms) = postSolution
		{7F8534BF-1BA9-44F0-94D4-7E42697344AD}.Debug|Any CPU.ActiveCfg = Debug|Any CPU
		{7F8534BF-1BA9-44F0-94D4-7E42697344AD}.Debug|Any CPU.Build.0 = Debug|Any CPU
		{7F8534BF-1BA9-44F0-94D4-7E42697344AD}.Release|Any CPU.ActiveCfg = Release|Any CPU
		{7F8534BF-1BA9-44F0-94D4-7E42697344AD}.Release|Any CPU.Build.0 = Release|Any CPU
	EndGlobalSection
	GlobalSection(SolutionProperties) = preSolution
		HideSolutionNode = FALSE
	EndGlobalSection
	GlobalSection(ExtensibilityGlobals) = postSolution
		SolutionGuid = {DE88561A-4551-42B7-B390-FC5A1A191C80}
	EndGlobalSection
EndGlobal
