
Microsoft Visual Studio Solution File, Format Version 12.00
# Visual Studio Version 16
VisualStudioVersion = 16.0.29519.87
MinimumVisualStudioVersion = 10.0.40219.1
Project("{9A19103F-16F7-4668-BE54-9A1E7A4F7556}") = "QuerySyntax", "QuerySyntax.csproj", "{D40AF612-2EF6-4B0E-869A-9CC51D55FB46}"
EndProject
Global
	GlobalSection(SolutionConfigurationPlatforms) = preSolution
		Debug|Any CPU = Debug|Any CPU
		Release|Any CPU = Release|Any CPU
	EndGlobalSection
	GlobalSection(ProjectConfigurationPlatforms) = postSolution
		{D40AF612-2EF6-4B0E-869A-9CC51D55FB46}.Debug|Any CPU.ActiveCfg = Debug|Any CPU
		{D40AF612-2EF6-4B0E-869A-9CC51D55FB46}.Debug|Any CPU.Build.0 = Debug|Any CPU
		{D40AF612-2EF6-4B0E-869A-9CC51D55FB46}.Release|Any CPU.ActiveCfg = Release|Any CPU
		{D40AF612-2EF6-4B0E-869A-9CC51D55FB46}.Release|Any CPU.Build.0 = Release|Any CPU
	EndGlobalSection
	GlobalSection(SolutionProperties) = preSolution
		HideSolutionNode = FALSE
	EndGlobalSection
	GlobalSection(ExtensibilityGlobals) = postSolution
		SolutionGuid = {361E2842-9919-47E3-91A4-25CA8CAB2F9C}
	EndGlobalSection
EndGlobal
