
Microsoft Visual Studio Solution File, Format Version 12.00
# Visual Studio Version 16
VisualStudioVersion = 16.0.29709.97
MinimumVisualStudioVersion = 10.0.40219.1
Project("{9A19103F-16F7-4668-BE54-9A1E7A4F7556}") = "ListDemo", "ListDemo.csproj", "{DBF33B62-DA5B-4A6A-AE7D-F328500A0FF9}"
EndProject
Global
	GlobalSection(SolutionConfigurationPlatforms) = preSolution
		Debug|Any CPU = Debug|Any CPU
		Release|Any CPU = Release|Any CPU
	EndGlobalSection
	GlobalSection(ProjectConfigurationPlatforms) = postSolution
		{DBF33B62-DA5B-4A6A-AE7D-F328500A0FF9}.Debug|Any CPU.ActiveCfg = Debug|Any CPU
		{DBF33B62-DA5B-4A6A-AE7D-F328500A0FF9}.Debug|Any CPU.Build.0 = Debug|Any CPU
		{DBF33B62-DA5B-4A6A-AE7D-F328500A0FF9}.Release|Any CPU.ActiveCfg = Release|Any CPU
		{DBF33B62-DA5B-4A6A-AE7D-F328500A0FF9}.Release|Any CPU.Build.0 = Release|Any CPU
	EndGlobalSection
	GlobalSection(SolutionProperties) = preSolution
		HideSolutionNode = FALSE
	EndGlobalSection
	GlobalSection(ExtensibilityGlobals) = postSolution
		SolutionGuid = {12275248-9706-493F-B433-F278D01508AD}
	EndGlobalSection
EndGlobal
