
Microsoft Visual Studio Solution File, Format Version 12.00
# Visual Studio 15
VisualStudioVersion = 15.0.28307.168
MinimumVisualStudioVersion = 10.0.40219.1
Project("{FAE04EC0-301F-11D3-BF4B-00C04F79EFBC}") = "CashApp", "CashApp\CashApp.csproj", "{13035747-2181-46C1-B5A6-13B2909E90D6}"
EndProject
Global
	GlobalSection(SolutionConfigurationPlatforms) = preSolution
		Debug|Any CPU = Debug|Any CPU
		Release|Any CPU = Release|Any CPU
	EndGlobalSection
	GlobalSection(ProjectConfigurationPlatforms) = postSolution
		{13035747-2181-46C1-B5A6-13B2909E90D6}.Debug|Any CPU.ActiveCfg = Debug|Any CPU
		{13035747-2181-46C1-B5A6-13B2909E90D6}.Debug|Any CPU.Build.0 = Debug|Any CPU
		{13035747-2181-46C1-B5A6-13B2909E90D6}.Release|Any CPU.ActiveCfg = Release|Any CPU
		{13035747-2181-46C1-B5A6-13B2909E90D6}.Release|Any CPU.Build.0 = Release|Any CPU
	EndGlobalSection
	GlobalSection(SolutionProperties) = preSolution
		HideSolutionNode = FALSE
	EndGlobalSection
	GlobalSection(ExtensibilityGlobals) = postSolution
		SolutionGuid = {3950702F-1E5D-49EE-B632-CC565BE373E1}
	EndGlobalSection
EndGlobal
