
Microsoft Visual Studio Solution File, Format Version 12.00
# Visual Studio 15
VisualStudioVersion = 15.0.28307.136
MinimumVisualStudioVersion = 10.0.40219.1
Project("{FAE04EC0-301F-11D3-BF4B-00C04F79EFBC}") = "FileWriterApp", "FileWriterApp\FileWriterApp.csproj", "{5219F39F-D76A-4096-9D9F-D0183BFCAA28}"
EndProject
Global
	GlobalSection(SolutionConfigurationPlatforms) = preSolution
		Debug|Any CPU = Debug|Any CPU
		Debug|x64 = Debug|x64
		Release|Any CPU = Release|Any CPU
		Release|x64 = Release|x64
	EndGlobalSection
	GlobalSection(ProjectConfigurationPlatforms) = postSolution
		{5219F39F-D76A-4096-9D9F-D0183BFCAA28}.Debug|Any CPU.ActiveCfg = Debug|Any CPU
		{5219F39F-D76A-4096-9D9F-D0183BFCAA28}.Debug|Any CPU.Build.0 = Debug|Any CPU
		{5219F39F-D76A-4096-9D9F-D0183BFCAA28}.Debug|x64.ActiveCfg = Debug|x64
		{5219F39F-D76A-4096-9D9F-D0183BFCAA28}.Debug|x64.Build.0 = Debug|x64
		{5219F39F-D76A-4096-9D9F-D0183BFCAA28}.Release|Any CPU.ActiveCfg = Release|Any CPU
		{5219F39F-D76A-4096-9D9F-D0183BFCAA28}.Release|Any CPU.Build.0 = Release|Any CPU
		{5219F39F-D76A-4096-9D9F-D0183BFCAA28}.Release|x64.ActiveCfg = Release|x64
		{5219F39F-D76A-4096-9D9F-D0183BFCAA28}.Release|x64.Build.0 = Release|x64
	EndGlobalSection
	GlobalSection(SolutionProperties) = preSolution
		HideSolutionNode = FALSE
	EndGlobalSection
	GlobalSection(ExtensibilityGlobals) = postSolution
		SolutionGuid = {F964C767-F91B-4C08-B716-99C0CAA943E0}
	EndGlobalSection
EndGlobal
