
Microsoft Visual Studio Solution File, Format Version 12.00
# Visual Studio 15
VisualStudioVersion = 15.0.28307.329
MinimumVisualStudioVersion = 10.0.40219.1
Project("{FAE04EC0-301F-11D3-BF4B-00C04F79EFBC}") = "FirebaseDemo.Generator", "FirebaseDemo.Generator\FirebaseDemo.Generator.csproj", "{F46E5511-BBEB-4241-B444-001E9210CB85}"
EndProject
Global
	GlobalSection(SolutionConfigurationPlatforms) = preSolution
		Debug|Any CPU = Debug|Any CPU
		Release|Any CPU = Release|Any CPU
	EndGlobalSection
	GlobalSection(ProjectConfigurationPlatforms) = postSolution
		{F46E5511-BBEB-4241-B444-001E9210CB85}.Debug|Any CPU.ActiveCfg = Debug|Any CPU
		{F46E5511-BBEB-4241-B444-001E9210CB85}.Debug|Any CPU.Build.0 = Debug|Any CPU
		{F46E5511-BBEB-4241-B444-001E9210CB85}.Release|Any CPU.ActiveCfg = Release|Any CPU
		{F46E5511-BBEB-4241-B444-001E9210CB85}.Release|Any CPU.Build.0 = Release|Any CPU
	EndGlobalSection
	GlobalSection(SolutionProperties) = preSolution
		HideSolutionNode = FALSE
	EndGlobalSection
	GlobalSection(ExtensibilityGlobals) = postSolution
		SolutionGuid = {65DD3410-51DB-4537-9C4C-59D5CF19FC61}
	EndGlobalSection
EndGlobal
